Microsoft Visual Studio Solution File, Format Version 12.00
# Visual Studio Version 17
VisualStudioVersion = 17.5.2.0
MinimumVisualStudioVersion = 10.0.40219.1
Project("{2150E333-8FDC-42A3-9474-1A3956D46DE8}") = "signoz", "signoz", "{6B7FDEA1-E0A8-4619-972A-FBBE66952443}"
EndProject
Project("{FAE04EC0-301F-11D3-BF4B-00C04F79EFBC}") = "signoz.api", "signoz\signoz.api\signoz.api.csproj", "{69A3B9AD-70DC-4AF0-5368-37035D0ABED4}"
EndProject
Global
	GlobalSection(SolutionConfigurationPlatforms) = preSolution
		Debug|Any CPU = Debug|Any CPU
		Release|Any CPU = Release|Any CPU
	EndGlobalSection
	GlobalSection(ProjectConfigurationPlatforms) = postSolution
		{69A3B9AD-70DC-4AF0-5368-37035D0ABED4}.Debug|Any CPU.ActiveCfg = Debug|Any CPU
		{69A3B9AD-70DC-4AF0-5368-37035D0ABED4}.Debug|Any CPU.Build.0 = Debug|Any CPU
		{69A3B9AD-70DC-4AF0-5368-37035D0ABED4}.Release|Any CPU.ActiveCfg = Release|Any CPU
		{69A3B9AD-70DC-4AF0-5368-37035D0ABED4}.Release|Any CPU.Build.0 = Release|Any CPU
	EndGlobalSection
	GlobalSection(SolutionProperties) = preSolution
		HideSolutionNode = FALSE
	EndGlobalSection
	GlobalSection(NestedProjects) = preSolution
		{69A3B9AD-70DC-4AF0-5368-37035D0ABED4} = {6B7FDEA1-E0A8-4619-972A-FBBE66952443}
	EndGlobalSection
	GlobalSection(ExtensibilityGlobals) = postSolution
		SolutionGuid = {B27499C3-D19A-4536-BF51-EA1B798C2616}
	EndGlobalSection
EndGlobal
